
Microsoft Visual Studio Solution File, Format Version 12.00
# Visual Studio Version 17
VisualStudioVersion = 17.7.34202.233
MinimumVisualStudioVersion = 10.0.40219.1
Project("{8BC9CEB8-8B4A-11D0-8D11-00A0C91BC942}") = "L20231117_Gamemode", "L20231117_Gamemode.vcxproj", "{DBC6065A-4082-4DE2-97E7-C0E63513AC99}"
EndProject
Global
	GlobalSection(SolutionConfigurationPlatforms) = preSolution
		Debug|x64 = Debug|x64
		Debug|x86 = Debug|x86
		Release|x64 = Release|x64
		Release|x86 = Release|x86
	EndGlobalSection
	GlobalSection(ProjectConfigurationPlatforms) = postSolution
		{DBC6065A-4082-4DE2-97E7-C0E63513AC99}.Debug|x64.ActiveCfg = Debug|x64
		{DBC6065A-4082-4DE2-97E7-C0E63513AC99}.Debug|x64.Build.0 = Debug|x64
		{DBC6065A-4082-4DE2-97E7-C0E63513AC99}.Debug|x86.ActiveCfg = Debug|Win32
		{DBC6065A-4082-4DE2-97E7-C0E63513AC99}.Debug|x86.Build.0 = Debug|Win32
		{DBC6065A-4082-4DE2-97E7-C0E63513AC99}.Release|x64.ActiveCfg = Release|x64
		{DBC6065A-4082-4DE2-97E7-C0E63513AC99}.Release|x64.Build.0 = Release|x64
		{DBC6065A-4082-4DE2-97E7-C0E63513AC99}.Release|x86.ActiveCfg = Release|Win32
		{DBC6065A-4082-4DE2-97E7-C0E63513AC99}.Release|x86.Build.0 = Release|Win32
	EndGlobalSection
	GlobalSection(SolutionProperties) = preSolution
		HideSolutionNode = FALSE
	EndGlobalSection
	GlobalSection(ExtensibilityGlobals) = postSolution
		SolutionGuid = {64272A7F-7BE3-4453-A9E3-1CED07F3116F}
	EndGlobalSection
EndGlobal
